PODS:
  - Alamofire (4.0.0)
  - AlamofireImage (3.0.0):
    - Alamofire (~> 4.0)
  - SKInnerShadowLayer (1.1)
  - SnapKit (3.0.0)
  - Socket.IO-Client-Swift (8.0.0)

DEPENDENCIES:
  - AlamofireImage
  - SKInnerShadowLayer
  - SnapKit
  - Socket.IO-Client-Swift

SPEC CHECKSUMS:
  Alamofire: fef59f00388f267e52d9b432aa5d93dc97190f14
  AlamofireImage: 6594aa1139a67dcd36cde6da79ea4e5b318e60fb
  SKInnerShadowLayer: 2343521c0a33db86e86e2d18ca01bbc0291f1e54
  SnapKit: 98af0a4e9369d3c58f758967518081dbdc7eb1d9
  Socket.IO-Client-Swift: b5f6c274ad849b2b73717546dcf29d48ead707eb

COCOAPODS: 0.39.0
